
Microsoft Visual Studio Solution File, Format Version 12.00
# Visual Studio Version 16
VisualStudioVersion = 16.0.29728.190
MinimumVisualStudioVersion = 10.0.40219.1
Project("{FAE04EC0-301F-11D3-BF4B-00C04F79EFBC}") = "Singleton", "Singleton.csproj", "{B4296788-721B-489E-9FDE-1D49E676048B}"
EndProject
Project("{FAE04EC0-301F-11D3-BF4B-00C04F79EFBC}") = "Factory", "..\Factory\Factory.csproj", "{5287B31C-FE41-4823-A631-98874B0F9572}"
EndProject
Global
	GlobalSection(SolutionConfigurationPlatforms) = preSolution
		Debug|Any CPU = Debug|Any CPU
		Release|Any CPU = Release|Any CPU
	EndGlobalSection
	GlobalSection(ProjectConfigurationPlatforms) = postSolution
		{B4296788-721B-489E-9FDE-1D49E676048B}.Debug|Any CPU.ActiveCfg = Debug|Any CPU
		{B4296788-721B-489E-9FDE-1D49E676048B}.Debug|Any CPU.Build.0 = Debug|Any CPU
		{B4296788-721B-489E-9FDE-1D49E676048B}.Release|Any CPU.ActiveCfg = Release|Any CPU
		{B4296788-721B-489E-9FDE-1D49E676048B}.Release|Any CPU.Build.0 = Release|Any CPU
		{5287B31C-FE41-4823-A631-98874B0F9572}.Debug|Any CPU.ActiveCfg = Debug|Any CPU
		{5287B31C-FE41-4823-A631-98874B0F9572}.Debug|Any CPU.Build.0 = Debug|Any CPU
		{5287B31C-FE41-4823-A631-98874B0F9572}.Release|Any CPU.ActiveCfg = Release|Any CPU
		{5287B31C-FE41-4823-A631-98874B0F9572}.Release|Any CPU.Build.0 = Release|Any CPU
	EndGlobalSection
	GlobalSection(SolutionProperties) = preSolution
		HideSolutionNode = FALSE
	EndGlobalSection
	GlobalSection(ExtensibilityGlobals) = postSolution
		SolutionGuid = {65A6866F-FFD9-4F02-8789-B4548EBEAA88}
	EndGlobalSection
EndGlobal
